
Microsoft Visual Studio Solution File, Format Version 12.00
# Visual Studio 15
VisualStudioVersion = 15.0.27428.2005
MinimumVisualStudioVersion = 10.0.40219.1
Project("{9A19103F-16F7-4668-BE54-9A1E7A4F7556}") = "Conectt", "Conectt\Conectt.csproj", "{BEFAA7B1-F5E8-45E6-9517-30B6928BE124}"
EndProject
Global
	GlobalSection(SolutionConfigurationPlatforms) = preSolution
		Debug|Any CPU = Debug|Any CPU
		Release|Any CPU = Release|Any CPU
	EndGlobalSection
	GlobalSection(ProjectConfigurationPlatforms) = postSolution
		{BEFAA7B1-F5E8-45E6-9517-30B6928BE124}.Debug|Any CPU.ActiveCfg = Debug|Any CPU
		{BEFAA7B1-F5E8-45E6-9517-30B6928BE124}.Debug|Any CPU.Build.0 = Debug|Any CPU
		{BEFAA7B1-F5E8-45E6-9517-30B6928BE124}.Release|Any CPU.ActiveCfg = Release|Any CPU
		{BEFAA7B1-F5E8-45E6-9517-30B6928BE124}.Release|Any CPU.Build.0 = Release|Any CPU
	EndGlobalSection
	GlobalSection(SolutionProperties) = preSolution
		HideSolutionNode = FALSE
	EndGlobalSection
	GlobalSection(ExtensibilityGlobals) = postSolution
		SolutionGuid = {583F5AF4-0C3E-4A8D-BE94-BF4BBBDE9724}
	EndGlobalSection
EndGlobal
